
Microsoft Visual Studio Solution File, Format Version 12.00
# Visual Studio Version 17
VisualStudioVersion = 17.5.002.0
MinimumVisualStudioVersion = 10.0.40219.1
Project("{9A19103F-16F7-4668-BE54-9A1E7A4F7556}") = "VSharp", "VSharp.csproj", "{B10CCE75-5EFE-4F76-A0CB-E488698087AA}"
EndProject
Global
	GlobalSection(SolutionConfigurationPlatforms) = preSolution
		Debug|Any CPU = Debug|Any CPU
		Release|Any CPU = Release|Any CPU
	EndGlobalSection
	GlobalSection(ProjectConfigurationPlatforms) = postSolution
		{B10CCE75-5EFE-4F76-A0CB-E488698087AA}.Debug|Any CPU.ActiveCfg = Debug|Any CPU
		{B10CCE75-5EFE-4F76-A0CB-E488698087AA}.Debug|Any CPU.Build.0 = Debug|Any CPU
		{B10CCE75-5EFE-4F76-A0CB-E488698087AA}.Release|Any CPU.ActiveCfg = Release|Any CPU
		{B10CCE75-5EFE-4F76-A0CB-E488698087AA}.Release|Any CPU.Build.0 = Release|Any CPU
	EndGlobalSection
	GlobalSection(SolutionProperties) = preSolution
		HideSolutionNode = FALSE
	EndGlobalSection
	GlobalSection(ExtensibilityGlobals) = postSolution
		SolutionGuid = {9C84B905-B4DA-43DB-89F5-D2EA06E53714}
	EndGlobalSection
EndGlobal
