
Microsoft Visual Studio Solution File, Format Version 12.00
# Visual Studio Version 17
VisualStudioVersion = 17.5.002.0
MinimumVisualStudioVersion = 10.0.40219.1
Project("{9A19103F-16F7-4668-BE54-9A1E7A4F7556}") = "V_Sharp", "V_Sharp.csproj", "{15F88800-A011-4ACD-8804-9992EE62AA15}"
EndProject
Global
	GlobalSection(SolutionConfigurationPlatforms) = preSolution
		Debug|Any CPU = Debug|Any CPU
		Release|Any CPU = Release|Any CPU
	EndGlobalSection
	GlobalSection(ProjectConfigurationPlatforms) = postSolution
		{15F88800-A011-4ACD-8804-9992EE62AA15}.Debug|Any CPU.ActiveCfg = Debug|Any CPU
		{15F88800-A011-4ACD-8804-9992EE62AA15}.Debug|Any CPU.Build.0 = Debug|Any CPU
		{15F88800-A011-4ACD-8804-9992EE62AA15}.Release|Any CPU.ActiveCfg = Release|Any CPU
		{15F88800-A011-4ACD-8804-9992EE62AA15}.Release|Any CPU.Build.0 = Release|Any CPU
	EndGlobalSection
	GlobalSection(SolutionProperties) = preSolution
		HideSolutionNode = FALSE
	EndGlobalSection
	GlobalSection(ExtensibilityGlobals) = postSolution
		SolutionGuid = {3A511BCD-5499-42AC-A9CC-BD72DCA1A9D3}
	EndGlobalSection
EndGlobal
